<?xml version="1.0" encoding="utf-8"?>
<Project ToolsVersion="4.0" xmlns="http://schemas.microsoft.com/developer/msbuild/2003">
  <ItemGroup>
    <Filter Include="Исходные файлы">
      <UniqueIdentifier>{4FC737F1-C7A5-4376-A066-2A32D752A2FF}</UniqueIdentifier>
      <Extensions>cpp;c;cc;cxx;c++;cppm;ixx;def;odl;idl;hpj;bat;asm;asmx</Extensions>
    </Filter>
    <Filter Include="Файлы заголовков">
      <UniqueIdentifier>{93995380-89BD-4b04-88EB-625FBE52EBFB}</UniqueIdentifier>
      <Extensions>h;hh;hpp;hxx;h++;hm;inl;inc;ipp;xsd</Extensions>
    </Filter>
    <Filter Include="Файлы ресурсов">
      <UniqueIdentifier>{67DA6AB6-F800-4c08-8B7A-83BB121AAD01}</UniqueIdentifier>
      <Extensions>rc;ico;cur;bmp;dlg;rc2;rct;bin;rgs;gif;jpg;jpeg;jpe;resx;tiff;tif;png;wav;mfcribbon-ms</Extensions>
    </Filter>
  </ItemGroup>
  <ItemGroup>
    <ClCompile Include="MyForm.cpp">
      <Filter>Исходные файлы</Filter>
    </ClCompile>
    <ClCompile Include="Theory.cpp">
      <Filter>Исходные файлы</Filter>
    </ClCompile>
  </ItemGroup>
  <ItemGroup>
    <ClInclude Include="MyForm.h">
      <Filter>Файлы заголовков</Filter>
    </ClInclude>
    <ClInclude Include="Theory.h">
      <Filter>Файлы заголовков</Filter>
    </ClInclude>
  </ItemGroup>
  <ItemGroup>
    <Image Include="C:\Users\gosha\OneDrive\Изображения\Новая папка (2)\f6cf79a400b741eb5d97b8b099482ed5-36.jpg">
      <Filter>Файлы ресурсов</Filter>
    </Image>
    <Image Include="C:\Users\gosha\OneDrive\Изображения\Новая папка (2)\f6cf79a400b741eb5d97b8b099482ed5-37.jpg">
      <Filter>Файлы ресурсов</Filter>
    </Image>
    <Image Include="C:\Users\gosha\OneDrive\Изображения\Новая папка (2)\f6cf79a400b741eb5d97b8b099482ed5-38.jpg">
      <Filter>Файлы ресурсов</Filter>
    </Image>
    <Image Include="C:\Users\gosha\OneDrive\Изображения\Новая папка (2)\f6cf79a400b741eb5d97b8b099482ed5-39.jpg">
      <Filter>Файлы ресурсов</Filter>
    </Image>
    <Image Include="C:\Users\gosha\OneDrive\Изображения\Новая папка (2)\f6cf79a400b741eb5d97b8b099482ed5-40.jpg">
      <Filter>Файлы ресурсов</Filter>
    </Image>
    <Image Include="C:\Users\gosha\OneDrive\Изображения\Новая папка (2)\f6cf79a400b741eb5d97b8b099482ed5-11.jpg">
      <Filter>Файлы ресурсов</Filter>
    </Image>
    <Image Include="C:\Users\gosha\OneDrive\Изображения\Новая папка (2)\f6cf79a400b741eb5d97b8b099482ed5-12.jpg">
      <Filter>Файлы ресурсов</Filter>
    </Image>
    <Image Include="C:\Users\gosha\OneDrive\Изображения\Новая папка (2)\f6cf79a400b741eb5d97b8b099482ed5-13.jpg">
      <Filter>Файлы ресурсов</Filter>
    </Image>
    <Image Include="C:\Users\gosha\OneDrive\Изображения\Новая папка (2)\f6cf79a400b741eb5d97b8b099482ed5-14.jpg">
      <Filter>Файлы ресурсов</Filter>
    </Image>
    <Image Include="C:\Users\gosha\OneDrive\Изображения\Новая папка (2)\f6cf79a400b741eb5d97b8b099482ed5-15.jpg">
      <Filter>Файлы ресурсов</Filter>
    </Image>
    <Image Include="C:\Users\gosha\OneDrive\Изображения\Новая папка (2)\f6cf79a400b741eb5d97b8b099482ed5-16.jpg">
      <Filter>Файлы ресурсов</Filter>
    </Image>
    <Image Include="C:\Users\gosha\OneDrive\Изображения\Новая папка (2)\f6cf79a400b741eb5d97b8b099482ed5-18.jpg">
      <Filter>Файлы ресурсов</Filter>
    </Image>
    <Image Include="C:\Users\gosha\OneDrive\Изображения\Новая папка (2)\f6cf79a400b741eb5d97b8b099482ed5-19.jpg">
      <Filter>Файлы ресурсов</Filter>
    </Image>
    <Image Include="C:\Users\gosha\OneDrive\Изображения\Новая папка (2)\f6cf79a400b741eb5d97b8b099482ed5-20.jpg">
      <Filter>Файлы ресурсов</Filter>
    </Image>
    <Image Include="C:\Users\gosha\OneDrive\Изображения\Новая папка (2)\f6cf79a400b741eb5d97b8b099482ed5-21.jpg">
      <Filter>Файлы ресурсов</Filter>
    </Image>
    <Image Include="C:\Users\gosha\OneDrive\Изображения\Новая папка (2)\f6cf79a400b741eb5d97b8b099482ed5-22.jpg">
      <Filter>Файлы ресурсов</Filter>
    </Image>
    <Image Include="C:\Users\gosha\OneDrive\Изображения\Новая папка (2)\f6cf79a400b741eb5d97b8b099482ed5-23.jpg">
      <Filter>Файлы ресурсов</Filter>
    </Image>
    <Image Include="C:\Users\gosha\OneDrive\Изображения\Новая папка (2)\f6cf79a400b741eb5d97b8b099482ed5-24.jpg">
      <Filter>Файлы ресурсов</Filter>
    </Image>
    <Image Include="C:\Users\gosha\OneDrive\Изображения\Новая папка (2)\f6cf79a400b741eb5d97b8b099482ed5-25.jpg">
      <Filter>Файлы ресурсов</Filter>
    </Image>
    <Image Include="C:\Users\gosha\OneDrive\Изображения\Новая папка (2)\f6cf79a400b741eb5d97b8b099482ed5-26.jpg">
      <Filter>Файлы ресурсов</Filter>
    </Image>
    <Image Include="C:\Users\gosha\OneDrive\Изображения\Новая папка (2)\f6cf79a400b741eb5d97b8b099482ed5-27.jpg">
      <Filter>Файлы ресурсов</Filter>
    </Image>
    <Image Include="C:\Users\gosha\OneDrive\Изображения\Новая папка (2)\f6cf79a400b741eb5d97b8b099482ed5-28.jpg">
      <Filter>Файлы ресурсов</Filter>
    </Image>
    <Image Include="C:\Users\gosha\OneDrive\Изображения\Новая папка (2)\f6cf79a400b741eb5d97b8b099482ed5-29.jpg">
      <Filter>Файлы ресурсов</Filter>
    </Image>
    <Image Include="C:\Users\gosha\OneDrive\Изображения\Новая папка (2)\f6cf79a400b741eb5d97b8b099482ed5-30.jpg">
      <Filter>Файлы ресурсов</Filter>
    </Image>
    <Image Include="C:\Users\gosha\OneDrive\Изображения\Новая папка (2)\f6cf79a400b741eb5d97b8b099482ed5-31.jpg">
      <Filter>Файлы ресурсов</Filter>
    </Image>
    <Image Include="C:\Users\gosha\OneDrive\Изображения\Новая папка (2)\f6cf79a400b741eb5d97b8b099482ed5-32.jpg">
      <Filter>Файлы ресурсов</Filter>
    </Image>
    <Image Include="C:\Users\gosha\OneDrive\Изображения\Новая папка (2)\f6cf79a400b741eb5d97b8b099482ed5-33.jpg">
      <Filter>Файлы ресурсов</Filter>
    </Image>
    <Image Include="C:\Users\gosha\OneDrive\Изображения\Новая папка (2)\f6cf79a400b741eb5d97b8b099482ed5-34.jpg">
      <Filter>Файлы ресурсов</Filter>
    </Image>
    <Image Include="C:\Users\gosha\OneDrive\Изображения\Новая папка (2)\f6cf79a400b741eb5d97b8b099482ed5-35.jpg">
      <Filter>Файлы ресурсов</Filter>
    </Image>
  </ItemGroup>
</Project>